// !$*UTF8*$!
{
	archiveVersion = 1;
	classes = {
	};
	objectVersion = 46;
	objects = {

/* Begin PBXBuildFile section */
		04FACD921D06622D005FCBCC /* main.m in Sources */ = {isa = PBXBuildFile; fileRef = 04FACD911D06622D005FCBCC /* main.m */; };
		04FACD951D06622D005FCBCC /* AppDelegate.m in Sources */ = {isa = PBXBuildFile; fileRef = 04FACD941D06622D005FCBCC /* AppDelegate.m */; };
		04FACD981D06622D005FCBCC /* ViewController.m in Sources */ = {isa = PBXBuildFile; fileRef = 04FACD971D06622D005FCBCC /* ViewController.m */; };
		04FACD9B1D06622D005FCBCC /* Main.storyboard in Resources */ = {isa = PBXBuildFile; fileRef = 04FACD991D06622D005FCBCC /* Main.storyboard */; };
		04FACD9D1D06622D005FCBCC /* Assets.xcassets in Resources */ = {isa = PBXBuildFile; fileRef = 04FACD9C1D06622D005FCBCC /* Assets.xcassets */; };
		04FACDA01D06622D005FCBCC /* LaunchScreen.storyboard in Resources */ = {isa = PBXBuildFile; fileRef = 04FACD9E1D06622D005FCBCC /* LaunchScreen.storyboard */; };
/* End PBXBuildFile section */

/* Begin PBXFileReference section */
		04FACD8D1D06622D005FCBCC /* SolarGitCode0607.app */ = {isa = PBXFileReference; explicitFileType = wrapper.application; includeInIndex = 0; path = SolarGitCode0607.app; sourceTree = BUILT_PRODUCTS_DIR; };
		04FACD911D06622D005FCBCC /* main.m */ = {isa = PBXFileReference; lastKnownFileType = sourcecode.c.objc; path = main.m; sourceTree = "<group>"; };
		04FACD931D06622D005FCBCC /* AppDelegate.h */ = {isa = PBXFileReference; lastKnownFileType = sourcecode.c.h; path = AppDelegate.h; sourceTree = "<group>"; };
		04FACD941D06622D005FCBCC /* AppDelegate.m */ = {isa = PBXFileReference; lastKnownFileType = sourcecode.c.objc; path = AppDelegate.m; sourceTree = "<group>"; };
		04FACD961D06622D005FCBCC /* ViewController.h */ = {isa = PBXFileReference; lastKnownFileType = sourcecode.c.h; path = ViewController.h; sourceTree = "<group>"; };
		04FACD971D06622D005FCBCC /* ViewController.m */ = {isa = PBXFileReference; lastKnownFileType = sourcecode.c.objc; path = ViewController.m; sourceTree = "<group>"; };
		04FACD9A1D06622D005FCBCC /* Base */ = {isa = PBXFileReference; lastKnownFileType = file.storyboard; name = Base; path = Base.lproj/Main.storyboard; sourceTree = "<group>"; };
		04FACD9C1D06622D005FCBCC /* Assets.xcassets */ = {isa = PBXFileReference; lastKnownFileType = folder.assetcatalog; path = Assets.xcassets; sourceTree = "<group>"; };
		04FACD9F1D06622D005FCBCC /* Base */ = {isa = PBXFileReference; lastKnownFileType = file.storyboard; name = Base; path = Base.lproj/LaunchScreen.storyboard; sourceTree = "<group>"; };
		04FACDA11D06622D005FCBCC /* Info.plist */ = {isa = PBXFileReference; lastKnownFileType = text.plist.xml; path = Info.plist; sourceTree = "<group>"; };
/* End PBXFileReference section */

/* Begin PBXFrameworksBuildPhase section */
		04FACD8A1D06622D005FCBCC /* Frameworks */ = {
			isa = PBXFrameworksBuildPhase;
			buildActionMask = 2147483647;
			files = (
			);
			runOnlyForDeploymentPostprocessing = 0;
		};
/* End PBXFrameworksBuildPhase section */

/* Begin PBXGroup section */
		04FACD841D06622D005FCBCC = {
			isa = PBXGroup;
			children = (
				04FACD8F1D06622D005FCBCC /* SolarGitCode0607 */,
				04FACD8E1D06622D005FCBCC /* Products */,
			);
			sourceTree = "<group>";
		};
		04FACD8E1D06622D005FCBCC /* Products */ = {
			isa = PBXGroup;
			children = (
				04FACD8D1D06622D005FCBCC /* SolarGitCode0607.app */,
			);
			name = Products;
			sourceTree = "<group>";
		};
		04FACD8F1D06622D005FCBCC /* SolarGitCode0607 */ = {
			isa = PBXGroup;
			children = (
				04FACD931D06622D005FCBCC /* AppDelegate.h */,
				04FACD941D06622D005FCBCC /* AppDelegate.m */,
				04FACD961D06622D005FCBCC /* ViewController.h */,
				04FACD971D06622D005FCBCC /* ViewController.m */,
				04FACD991D06622D005FCBCC /* Main.storyboard */,
				04FACD9C1D06622D005FCBCC /* Assets.xcassets */,
				04FACD9E1D06622D005FCBCC /* LaunchScreen.storyboard */,
				04FACDA11D06622D005FCBCC /* Info.plist */,
				04FACD901D06622D005FCBCC /* Supporting Files */,
			);
			path = SolarGitCode0607;
			sourceTree = "<group>";
		};
		04FACD901D06622D005FCBCC /* Supporting Files */ = {
			isa = PBXGroup;
			children = (
				04FACD911D06622D005FCBCC /* main.m */,
			);
			name = "Supporting Files";
			sourceTree = "<group>";
		};
/* End PBXGroup section */

/* Begin PBXNativeTarget section */
		04FACD8C1D06622D005FCBCC /* SolarGitCode0607 */ = {
			isa = PBXNativeTarget;
			buildConfigurationList = 04FACDA41D06622D005FCBCC /* Build configuration list for PBXNativeTarget "SolarGitCode0607" */;
			buildPhases = (
				04FACD891D06622D005FCBCC /* Sources */,
				04FACD8A1D06622D005FCBCC /* Frameworks */,
				04FACD8B1D06622D005FCBCC /* Resources */,
			);
			buildRules = (
			);
			dependencies = (
			);
			name = SolarGitCode0607;
			productName = SolarGitCode0607;
			productReference = 04FACD8D1D06622D005FCBCC /* SolarGitCode0607.app */;
			productType = "com.apple.product-type.application";
		};
/* End PBXNativeTarget section */

/* Begin PBXProject section */
		04FACD851D06622D005FCBCC /* Project object */ = {
			isa = PBXProject;
			attributes = {
				LastUpgradeCheck = 0720;
				ORGANIZATIONNAME = ZHIYOU;
				TargetAttributes = {
					04FACD8C1D06622D005FCBCC = {
						CreatedOnToolsVersion = 7.2;
						DevelopmentTeam = 9YE5225J3A;
					};
				};
			};
			buildConfigurationList = 04FACD881D06622D005FCBCC /* Build configuration list for PBXProject "SolarGitCode0607" */;
			compatibilityVersion = "Xcode 3.2";
			developmentRegion = English;
			hasScannedForEncodings = 0;
			knownRegions = (
				en,
				Base,
			);
			mainGroup = 04FACD841D06622D005FCBCC;
			productRefGroup = 04FACD8E1D06622D005FCBCC /* Products */;
			projectDirPath = "";
			projectRoot = "";
			targets = (
				04FACD8C1D06622D005FCBCC /* SolarGitCode0607 */,
			);
		};
/* End PBXProject section */

/* Begin PBXResourcesBuildPhase section */
		04FACD8B1D06622D005FCBCC /* Resources */ = {
			isa = PBXResourcesBuildPhase;
			buildActionMask = 2147483647;
			files = (
				04FACDA01D06622D005FCBCC /* LaunchScreen.storyboard in Resources */,
				04FACD9D1D06622D005FCBCC /* Assets.xcassets in Resources */,
				04FACD9B1D06622D005FCBCC /* Main.storyboard in Resources */,
			);
			runOnlyForDeploymentPostprocessing = 0;
		};
/* End PBXResourcesBuildPhase section */

/* Begin PBXSourcesBuildPhase section */
		04FACD891D06622D005FCBCC /* Sources */ = {
			isa = PBXSourcesBuildPhase;
			buildActionMask = 2147483647;
			files = (
				04FACD981D06622D005FCBCC /* ViewController.m in Sources */,
				04FACD951D06622D005FCBCC /* AppDelegate.m in Sources */,
				04FACD921D06622D005FCBCC /* main.m in Sources */,
			);
			runOnlyForDeploymentPostprocessing = 0;
		};
/* End PBXSourcesBuildPhase section */

/* Begin PBXVariantGroup section */
		04FACD991D06622D005FCBCC /* Main.storyboard */ = {
			isa = PBXVariantGroup;
			children = (
				04FACD9A1D06622D005FCBCC /* Base */,
			);
			name = Main.storyboard;
			sourceTree = "<group>";
		};
		04FACD9E1D06622D005FCBCC /* LaunchScreen.storyboard */ = {
			isa = PBXVariantGroup;
			children = (
				04FACD9F1D06622D005FCBCC /* Base */,
			);
			name = LaunchScreen.storyboard;
			sourceTree = "<group>";
		};
/* End PBXVariantGroup section */

/* Begin XCBuildConfiguration section */
		04FACDA21D06622D005FCBCC /* Debug */ = {
			isa = XCBuildConfiguration;
			buildSettings = {
				ALWAYS_SEARCH_USER_PATHS = NO;
				CLANG_CXX_LANGUAGE_STANDARD = "gnu++0x";
				CLANG_CXX_LIBRARY = "libc++";
				CLANG_ENABLE_MODULES = YES;
				CLANG_ENABLE_OBJC_ARC = YES;
				CLANG_WARN_BOOL_CONVERSION = YES;
				CLANG_WARN_CONSTANT_CONVERSION = YES;
				CLANG_WARN_DIRECT_OBJC_ISA_USAGE = YES_ERROR;
				CLANG_WARN_EMPTY_BODY = YES;
				CLANG_WARN_ENUM_CONVERSION = YES;
				CLANG_WARN_INT_CONVERSION = YES;
				CLANG_WARN_OBJC_ROOT_CLASS = YES_ERROR;
				CLANG_WARN_UNREACHABLE_CODE = YES;
				CLANG_WARN__DUPLICATE_METHOD_MATCH = YES;
				"CODE_SIGN_IDENTITY[sdk=iphoneos*]" = "iPhone Developer";
				COPY_PHASE_STRIP = NO;
				DEBUG_INFORMATION_FORMAT = dwarf;
				ENABLE_STRICT_OBJC_MSGSEND = YES;
				ENABLE_TESTABILITY = YES;
				GCC_C_LANGUAGE_STANDARD = gnu99;
				GCC_DYNAMIC_NO_PIC = NO;
				GCC_NO_COMMON_BLOCKS = YES;
				GCC_OPTIMIZATION_LEVEL = 0;
				GCC_PREPROCESSOR_DEFINITIONS = (
					"DEBUG=1",
					"$(inherited)",
				);
				GCC_WARN_64_TO_32_BIT_CONVERSION = YES;
				GCC_WARN_ABOUT_RETURN_TYPE = YES_ERROR;
				GCC_WARN_UNDECLARED_SELECTOR = YES;
				GCC_WARN_UNINITIALIZED_AUTOS = YES_AGGRESSIVE;
				GCC_WARN_UNUSED_FUNCTION = YES;
				GCC_WARN_UNUSED_VARIABLE = YES;
				IPHONEOS_DEPLOYMENT_TARGET = 9.2;
				MTL_ENABLE_DEBUG_INFO = YES;
				ONLY_ACTIVE_ARCH = YES;
				SDKROOT = iphoneos;
			};
			name = Debug;
		};
		04FACDA31D06622D005FCBCC /* Release */ = {
			isa = XCBuildConfiguration;
			buildSettings = {
				ALWAYS_SEARCH_USER_PATHS = NO;
				CLANG_CXX_LANGUAGE_STANDARD = "gnu++0x";
				CLANG_CXX_LIBRARY = "libc++";
				CLANG_ENABLE_MODULES = YES;
				CLANG_ENABLE_OBJC_ARC = YES;
				CLANG_WARN_BOOL_CONVERSION = YES;
				CLANG_WARN_CONSTANT_CONVERSION = YES;
				CLANG_WARN_DIRECT_OBJC_ISA_USAGE = YES_ERROR;
				CLANG_WARN_EMPTY_BODY = YES;
				CLANG_WARN_ENUM_CONVERSION = YES;
				CLANG_WARN_INT_CONVERSION = YES;
				CLANG_WARN_OBJC_ROOT_CLASS = YES_ERROR;
				CLANG_WARN_UNREACHABLE_CODE = YES;
				CLANG_WARN__DUPLICATE_METHOD_MATCH = YES;
				"CODE_SIGN_IDENTITY[sdk=iphoneos*]" = "iPhone Developer";
				COPY_PHASE_STRIP = NO;
				DEBUG_INFORMATION_FORMAT = "dwarf-with-dsym";
				ENABLE_NS_ASSERTIONS = NO;
				ENABLE_STRICT_OBJC_MSGSEND = YES;
				GCC_C_LANGUAGE_STANDARD = gnu99;
				GCC_NO_COMMON_BLOCKS = YES;
				GCC_WARN_64_TO_32_BIT_CONVERSION = YES;
				GCC_WARN_ABOUT_RETURN_TYPE = YES_ERROR;
				GCC_WARN_UNDECLARED_SELECTOR = YES;
				GCC_WARN_UNINITIALIZED_AUTOS = YES_AGGRESSIVE;
				GCC_WARN_UNUSED_FUNCTION = YES;
				GCC_WARN_UNUSED_VARIABLE = YES;
				IPHONEOS_DEPLOYMENT_TARGET = 9.2;
				MTL_ENABLE_DEBUG_INFO = NO;
				SDKROOT = iphoneos;
				VALIDATE_PRODUCT = YES;
			};
			name = Release;
		};
		04FACDA51D06622D005FCBCC /* Debug */ = {
			isa = XCBuildConfiguration;
			buildSettings = {
				ASSETCATALOG_COMPILER_APPICON_NAME = AppIcon;
				INFOPLIST_FILE = SolarGitCode0607/Info.plist;
				LD_RUNPATH_SEARCH_PATHS = "$(inherited) @executable_path/Frameworks";
				PRODUCT_BUNDLE_IDENTIFIER = com.zhiyou100.SolarGitCode0607;
				PRODUCT_NAME = "$(TARGET_NAME)";
			};
			name = Debug;
		};
		04FACDA61D06622D005FCBCC /* Release */ = {
			isa = XCBuildConfiguration;
			buildSettings = {
				ASSETCATALOG_COMPILER_APPICON_NAME = AppIcon;
				INFOPLIST_FILE = SolarGitCode0607/Info.plist;
				LD_RUNPATH_SEARCH_PATHS = "$(inherited) @executable_path/Frameworks";
				PRODUCT_BUNDLE_IDENTIFIER = com.zhiyou100.SolarGitCode0607;
				PRODUCT_NAME = "$(TARGET_NAME)";
			};
			name = Release;
		};
/* End XCBuildConfiguration section */

/* Begin XCConfigurationList section */
		04FACD881D06622D005FCBCC /* Build configuration list for PBXProject "SolarGitCode0607" */ = {
			isa = XCConfigurationList;
			buildConfigurations = (
				04FACDA21D06622D005FCBCC /* Debug */,
				04FACDA31D06622D005FCBCC /* Release */,
			);
			defaultConfigurationIsVisible = 0;
			defaultConfigurationName = Release;
		};
		04FACDA41D06622D005FCBCC /* Build configuration list for PBXNativeTarget "SolarGitCode0607" */ = {
			isa = XCConfigurationList;
			buildConfigurations = (
				04FACDA51D06622D005FCBCC /* Debug */,
				04FACDA61D06622D005FCBCC /* Release */,
			);
			defaultConfigurationIsVisible = 0;
		};
/* End XCConfigurationList section */
	};
	rootObject = 04FACD851D06622D005FCBCC /* Project object */;
}
